// !$*UTF8*$!
{
	archiveVersion = 1;
	classes = {
	};
	objectVersion = 51;
	objects = {

/* Begin PBXBuildFile section */
		1505AF71803E6D5B91E82622 /* Pods_PerceptronV2.framework in Frameworks */ = {isa = PBXBuildFile; fileRef = 664E188D86042A018DAEF15B /* Pods_PerceptronV2.framework */; };
		831AF37E2381B8CB00ABAD94 /* Example.swift in Sources */ = {isa = PBXBuildFile; fileRef = 831AF37D2381B8CB00ABAD94 /* Example.swift */; };
		831AF3802381C83B00ABAD94 /* GoogleService-Info.plist in Resources */ = {isa = PBXBuildFile; fileRef = 831AF37F2381C83B00ABAD94 /* GoogleService-Info.plist */; };
		831AF3822382EB8000ABAD94 /* Perceptron.swift in Sources */ = {isa = PBXBuildFile; fileRef = 831AF3812382EB8000ABAD94 /* Perceptron.swift */; };
		833CC37923660A2100A6AB34 /* AppDelegate.swift in Sources */ = {isa = PBXBuildFile; fileRef = 833CC37823660A2100A6AB34 /* AppDelegate.swift */; };
		833CC37B23660A2100A6AB34 /* SceneDelegate.swift in Sources */ = {isa = PBXBuildFile; fileRef = 833CC37A23660A2100A6AB34 /* SceneDelegate.swift */; };
		833CC38023660A2100A6AB34 /* Main.storyboard in Resources */ = {isa = PBXBuildFile; fileRef = 833CC37E23660A2100A6AB34 /* Main.storyboard */; };
		833CC38223660A2300A6AB34 /* Assets.xcassets in Resources */ = {isa = PBXBuildFile; fileRef = 833CC38123660A2300A6AB34 /* Assets.xcassets */; };
		833CC38523660A2300A6AB34 /* LaunchScreen.storyboard in Resources */ = {isa = PBXBuildFile; fileRef = 833CC38323660A2300A6AB34 /* LaunchScreen.storyboard */; };
		833CC39023660BDA00A6AB34 /* extensions.swift in Sources */ = {isa = PBXBuildFile; fileRef = 833CC38F23660BDA00A6AB34 /* extensions.swift */; };
		8373AEE22391902C00978F38 /* SetPixelDelegate.swift in Sources */ = {isa = PBXBuildFile; fileRef = 8373AEE12391902C00978F38 /* SetPixelDelegate.swift */; };
		83C0E47F237D6E40005C7A95 /* MainScreen.swift in Sources */ = {isa = PBXBuildFile; fileRef = 83C0E47E237D6E40005C7A95 /* MainScreen.swift */; };
		83CF1B6823806A3800E9B3D2 /* Canvas.swift in Sources */ = {isa = PBXBuildFile; fileRef = 83CF1B6723806A3800E9B3D2 /* Canvas.swift */; };
/* End PBXBuildFile section */

/* Begin PBXFileReference section */
		3263BCE80F2ACD9EEC2261E0 /* Pods-PerceptronV2.release.xcconfig */ = {isa = PBXFileReference; includeInIndex = 1; lastKnownFileType = text.xcconfig; name = "Pods-PerceptronV2.release.xcconfig"; path = "Target Support Files/Pods-PerceptronV2/Pods-PerceptronV2.release.xcconfig"; sourceTree = "<group>"; };
		664E188D86042A018DAEF15B /* Pods_PerceptronV2.framework */ = {isa = PBXFileReference; explicitFileType = wrapper.framework; includeInIndex = 0; path = Pods_PerceptronV2.framework; sourceTree = BUILT_PRODUCTS_DIR; };
		831AF37D2381B8CB00ABAD94 /* Example.swift */ = {isa = PBXFileReference; lastKnownFileType = sourcecode.swift; path = Example.swift; sourceTree = "<group>"; };
		831AF37F2381C83B00ABAD94 /* GoogleService-Info.plist */ = {isa = PBXFileReference; fileEncoding = 4; lastKnownFileType = text.plist.xml; path = "GoogleService-Info.plist"; sourceTree = "<group>"; };
		831AF3812382EB8000ABAD94 /* Perceptron.swift */ = {isa = PBXFileReference; lastKnownFileType = sourcecode.swift; path = Perceptron.swift; sourceTree = "<group>"; };
		833CC37523660A2100A6AB34 /* PerceptronV2.app */ = {isa = PBXFileReference; explicitFileType = wrapper.application; includeInIndex = 0; path = PerceptronV2.app; sourceTree = BUILT_PRODUCTS_DIR; };
		833CC37823660A2100A6AB34 /* AppDelegate.swift */ = {isa = PBXFileReference; lastKnownFileType = sourcecode.swift; path = AppDelegate.swift; sourceTree = "<group>"; };
		833CC37A23660A2100A6AB34 /* SceneDelegate.swift */ = {isa = PBXFileReference; lastKnownFileType = sourcecode.swift; path = SceneDelegate.swift; sourceTree = "<group>"; };
		833CC37F23660A2100A6AB34 /* Base */ = {isa = PBXFileReference; lastKnownFileType = file.storyboard; name = Base; path = Base.lproj/Main.storyboard; sourceTree = "<group>"; };
		833CC38123660A2300A6AB34 /* Assets.xcassets */ = {isa = PBXFileReference; lastKnownFileType = folder.assetcatalog; path = Assets.xcassets; sourceTree = "<group>"; };
		833CC38423660A2300A6AB34 /* Base */ = {isa = PBXFileReference; lastKnownFileType = file.storyboard; name = Base; path = Base.lproj/LaunchScreen.storyboard; sourceTree = "<group>"; };
		833CC38623660A2300A6AB34 /* Info.plist */ = {isa = PBXFileReference; lastKnownFileType = text.plist.xml; path = Info.plist; sourceTree = "<group>"; };
		833CC38F23660BDA00A6AB34 /* extensions.swift */ = {isa = PBXFileReference; lastKnownFileType = sourcecode.swift; path = extensions.swift; sourceTree = "<group>"; };
		8373AEE12391902C00978F38 /* SetPixelDelegate.swift */ = {isa = PBXFileReference; lastKnownFileType = sourcecode.swift; path = SetPixelDelegate.swift; sourceTree = "<group>"; };
		83C0E47E237D6E40005C7A95 /* MainScreen.swift */ = {isa = PBXFileReference; lastKnownFileType = sourcecode.swift; path = MainScreen.swift; sourceTree = "<group>"; };
		83CF1B6723806A3800E9B3D2 /* Canvas.swift */ = {isa = PBXFileReference; lastKnownFileType = sourcecode.swift; path = Canvas.swift; sourceTree = "<group>"; };
		A7C41EEBAC2B29428064879B /* Pods-PerceptronV2.debug.xcconfig */ = {isa = PBXFileReference; includeInIndex = 1; lastKnownFileType = text.xcconfig; name = "Pods-PerceptronV2.debug.xcconfig"; path = "Target Support Files/Pods-PerceptronV2/Pods-PerceptronV2.debug.xcconfig"; sourceTree = "<group>"; };
/* End PBXFileReference section */

/* Begin PBXFrameworksBuildPhase section */
		833CC37223660A2100A6AB34 /* Frameworks */ = {
			isa = PBXFrameworksBuildPhase;
			buildActionMask = 2147483647;
			files = (
				1505AF71803E6D5B91E82622 /* Pods_PerceptronV2.framework in Frameworks */,
			);
			runOnlyForDeploymentPostprocessing = 0;
		};
/* End PBXFrameworksBuildPhase section */

/* Begin PBXGroup section */
		833CC36C23660A2100A6AB34 = {
			isa = PBXGroup;
			children = (
				833CC37723660A2100A6AB34 /* PerceptronV2 */,
				833CC37623660A2100A6AB34 /* Products */,
				E7D161BCC7805A716F47576E /* Pods */,
				B8BB43182E20C661BE1EA181 /* Frameworks */,
			);
			sourceTree = "<group>";
		};
		833CC37623660A2100A6AB34 /* Products */ = {
			isa = PBXGroup;
			children = (
				833CC37523660A2100A6AB34 /* PerceptronV2.app */,
			);
			name = Products;
			sourceTree = "<group>";
		};
		833CC37723660A2100A6AB34 /* PerceptronV2 */ = {
			isa = PBXGroup;
			children = (
				83CF1B6C238092F800E9B3D2 /* Controller */,
				83CF1B6B238092F300E9B3D2 /* Model */,
				833CC38E23660BCF00A6AB34 /* Utils */,
				833CC37E23660A2100A6AB34 /* Main.storyboard */,
				833CC38123660A2300A6AB34 /* Assets.xcassets */,
				833CC38323660A2300A6AB34 /* LaunchScreen.storyboard */,
				833CC37A23660A2100A6AB34 /* SceneDelegate.swift */,
				833CC37823660A2100A6AB34 /* AppDelegate.swift */,
				833CC38623660A2300A6AB34 /* Info.plist */,
				831AF37F2381C83B00ABAD94 /* GoogleService-Info.plist */,
			);
			path = PerceptronV2;
			sourceTree = "<group>";
		};
		833CC38E23660BCF00A6AB34 /* Utils */ = {
			isa = PBXGroup;
			children = (
				833CC38F23660BDA00A6AB34 /* extensions.swift */,
				8373AEE12391902C00978F38 /* SetPixelDelegate.swift */,
			);
			path = Utils;
			sourceTree = "<group>";
		};
		83CF1B6B238092F300E9B3D2 /* Model */ = {
			isa = PBXGroup;
			children = (
				83CF1B6723806A3800E9B3D2 /* Canvas.swift */,
				831AF37D2381B8CB00ABAD94 /* Example.swift */,
				831AF3812382EB8000ABAD94 /* Perceptron.swift */,
			);
			path = Model;
			sourceTree = "<group>";
		};
		83CF1B6C238092F800E9B3D2 /* Controller */ = {
			isa = PBXGroup;
			children = (
				83C0E47E237D6E40005C7A95 /* MainScreen.swift */,
			);
			path = Controller;
			sourceTree = "<group>";
		};
		B8BB43182E20C661BE1EA181 /* Frameworks */ = {
			isa = PBXGroup;
			children = (
				664E188D86042A018DAEF15B /* Pods_PerceptronV2.framework */,
			);
			name = Frameworks;
			sourceTree = "<group>";
		};
		E7D161BCC7805A716F47576E /* Pods */ = {
			isa = PBXGroup;
			children = (
				A7C41EEBAC2B29428064879B /* Pods-PerceptronV2.debug.xcconfig */,
				3263BCE80F2ACD9EEC2261E0 /* Pods-PerceptronV2.release.xcconfig */,
			);
			path = Pods;
			sourceTree = "<group>";
		};
/* End PBXGroup section */

/* Begin PBXNativeTarget section */
		833CC37423660A2100A6AB34 /* PerceptronV2 */ = {
			isa = PBXNativeTarget;
			buildConfigurationList = 833CC38923660A2300A6AB34 /* Build configuration list for PBXNativeTarget "PerceptronV2" */;
			buildPhases = (
				89D08CB68A9B61EEB1DF340C /* [CP] Check Pods Manifest.lock */,
				833CC37123660A2100A6AB34 /* Sources */,
				833CC37223660A2100A6AB34 /* Frameworks */,
				833CC37323660A2100A6AB34 /* Resources */,
				C67824570FB00DB4928B8B81 /* [CP] Embed Pods Frameworks */,
			);
			buildRules = (
			);
			dependencies = (
			);
			name = PerceptronV2;
			productName = PerceptronV2;
			productReference = 833CC37523660A2100A6AB34 /* PerceptronV2.app */;
			productType = "com.apple.product-type.application";
		};
/* End PBXNativeTarget section */

/* Begin PBXProject section */
		833CC36D23660A2100A6AB34 /* Project object */ = {
			isa = PBXProject;
			attributes = {
				LastSwiftUpdateCheck = 1110;
				LastUpgradeCheck = 1110;
				ORGANIZATIONNAME = "Martin Nasierowski";
				TargetAttributes = {
					833CC37423660A2100A6AB34 = {
						CreatedOnToolsVersion = 11.1;
					};
				};
			};
			buildConfigurationList = 833CC37023660A2100A6AB34 /* Build configuration list for PBXProject "PerceptronV2" */;
			compatibilityVersion = "Xcode 9.3";
			developmentRegion = en;
			hasScannedForEncodings = 0;
			knownRegions = (
				en,
				Base,
			);
			mainGroup = 833CC36C23660A2100A6AB34;
			productRefGroup = 833CC37623660A2100A6AB34 /* Products */;
			projectDirPath = "";
			projectRoot = "";
			targets = (
				833CC37423660A2100A6AB34 /* PerceptronV2 */,
			);
		};
/* End PBXProject section */

/* Begin PBXResourcesBuildPhase section */
		833CC37323660A2100A6AB34 /* Resources */ = {
			isa = PBXResourcesBuildPhase;
			buildActionMask = 2147483647;
			files = (
				833CC38523660A2300A6AB34 /* LaunchScreen.storyboard in Resources */,
				831AF3802381C83B00ABAD94 /* GoogleService-Info.plist in Resources */,
				833CC38223660A2300A6AB34 /* Assets.xcassets in Resources */,
				833CC38023660A2100A6AB34 /* Main.storyboard in Resources */,
			);
			runOnlyForDeploymentPostprocessing = 0;
		};
/* End PBXResourcesBuildPhase section */

/* Begin PBXShellScriptBuildPhase section */
		89D08CB68A9B61EEB1DF340C /* [CP] Check Pods Manifest.lock */ = {
			isa = PBXShellScriptBuildPhase;
			buildActionMask = 2147483647;
			files = (
			);
			inputFileListPaths = (
			);
			inputPaths = (
				"${PODS_PODFILE_DIR_PATH}/Podfile.lock",
				"${PODS_ROOT}/Manifest.lock",
			);
			name = "[CP] Check Pods Manifest.lock";
			outputFileListPaths = (
			);
			outputPaths = (
				"$(DERIVED_FILE_DIR)/Pods-PerceptronV2-checkManifestLockResult.txt",
			);
			runOnlyForDeploymentPostprocessing = 0;
			shellPath = /bin/sh;
			shellScript = "diff \"${PODS_PODFILE_DIR_PATH}/Podfile.lock\" \"${PODS_ROOT}/Manifest.lock\" > /dev/null\nif [ $? != 0 ] ; then\n    # print error to STDERR\n    echo \"error: The sandbox is not in sync with the Podfile.lock. Run 'pod install' or update your CocoaPods installation.\" >&2\n    exit 1\nfi\n# This output is used by Xcode 'outputs' to avoid re-running this script phase.\necho \"SUCCESS\" > \"${SCRIPT_OUTPUT_FILE_0}\"\n";
			showEnvVarsInLog = 0;
		};
		C67824570FB00DB4928B8B81 /* [CP] Embed Pods Frameworks */ = {
			isa = PBXShellScriptBuildPhase;
			buildActionMask = 2147483647;
			files = (
			);
			inputFileListPaths = (
				"${PODS_ROOT}/Target Support Files/Pods-PerceptronV2/Pods-PerceptronV2-frameworks-${CONFIGURATION}-input-files.xcfilelist",
			);
			name = "[CP] Embed Pods Frameworks";
			outputFileListPaths = (
				"${PODS_ROOT}/Target Support Files/Pods-PerceptronV2/Pods-PerceptronV2-frameworks-${CONFIGURATION}-output-files.xcfilelist",
			);
			runOnlyForDeploymentPostprocessing = 0;
			shellPath = /bin/sh;
			shellScript = "\"${PODS_ROOT}/Target Support Files/Pods-PerceptronV2/Pods-PerceptronV2-frameworks.sh\"\n";
			showEnvVarsInLog = 0;
		};
/* End PBXShellScriptBuildPhase section */

/* Begin PBXSourcesBuildPhase section */
		833CC37123660A2100A6AB34 /* Sources */ = {
			isa = PBXSourcesBuildPhase;
			buildActionMask = 2147483647;
			files = (
				833CC37923660A2100A6AB34 /* AppDelegate.swift in Sources */,
				83C0E47F237D6E40005C7A95 /* MainScreen.swift in Sources */,
				831AF3822382EB8000ABAD94 /* Perceptron.swift in Sources */,
				831AF37E2381B8CB00ABAD94 /* Example.swift in Sources */,
				83CF1B6823806A3800E9B3D2 /* Canvas.swift in Sources */,
				833CC37B23660A2100A6AB34 /* SceneDelegate.swift in Sources */,
				8373AEE22391902C00978F38 /* SetPixelDelegate.swift in Sources */,
				833CC39023660BDA00A6AB34 /* extensions.swift in Sources */,
			);
			runOnlyForDeploymentPostprocessing = 0;
		};
/* End PBXSourcesBuildPhase section */

/* Begin PBXVariantGroup section */
		833CC37E23660A2100A6AB34 /* Main.storyboard */ = {
			isa = PBXVariantGroup;
			children = (
				833CC37F23660A2100A6AB34 /* Base */,
			);
			name = Main.storyboard;
			sourceTree = "<group>";
		};
		833CC38323660A2300A6AB34 /* LaunchScreen.storyboard */ = {
			isa = PBXVariantGroup;
			children = (
				833CC38423660A2300A6AB34 /* Base */,
			);
			name = LaunchScreen.storyboard;
			sourceTree = "<group>";
		};
/* End PBXVariantGroup section */

/* Begin XCBuildConfiguration section */
		833CC38723660A2300A6AB34 /* Debug */ = {
			isa = XCBuildConfiguration;
			buildSettings = {
				ALWAYS_SEARCH_USER_PATHS = NO;
				CLANG_ANALYZER_NONNULL = YES;
				CLANG_ANALYZER_NUMBER_OBJECT_CONVERSION = YES_AGGRESSIVE;
				CLANG_CXX_LANGUAGE_STANDARD = "gnu++14";
				CLANG_CXX_LIBRARY = "libc++";
				CLANG_ENABLE_MODULES = YES;
				CLANG_ENABLE_OBJC_ARC = YES;
				CLANG_ENABLE_OBJC_WEAK = YES;
				CLANG_WARN_BLOCK_CAPTURE_AUTORELEASING = YES;
				CLANG_WARN_BOOL_CONVERSION = YES;
				CLANG_WARN_COMMA = YES;
				CLANG_WARN_CONSTANT_CONVERSION = YES;
				CLANG_WARN_DEPRECATED_OBJC_IMPLEMENTATIONS = YES;
				CLANG_WARN_DIRECT_OBJC_ISA_USAGE = YES_ERROR;
				CLANG_WARN_DOCUMENTATION_COMMENTS = YES;
				CLANG_WARN_EMPTY_BODY = YES;
				CLANG_WARN_ENUM_CONVERSION = YES;
				CLANG_WARN_INFINITE_RECURSION = YES;
				CLANG_WARN_INT_CONVERSION = YES;
				CLANG_WARN_NON_LITERAL_NULL_CONVERSION = YES;
				CLANG_WARN_OBJC_IMPLICIT_RETAIN_SELF = YES;
				CLANG_WARN_OBJC_LITERAL_CONVERSION = YES;
				CLANG_WARN_OBJC_ROOT_CLASS = YES_ERROR;
				CLANG_WARN_RANGE_LOOP_ANALYSIS = YES;
				CLANG_WARN_STRICT_PROTOTYPES = YES;
				CLANG_WARN_SUSPICIOUS_MOVE = YES;
				CLANG_WARN_UNGUARDED_AVAILABILITY = YES_AGGRESSIVE;
				CLANG_WARN_UNREACHABLE_CODE = YES;
				CLANG_WARN__DUPLICATE_METHOD_MATCH = YES;
				COPY_PHASE_STRIP = NO;
				DEBUG_INFORMATION_FORMAT = dwarf;
				ENABLE_STRICT_OBJC_MSGSEND = YES;
				ENABLE_TESTABILITY = YES;
				GCC_C_LANGUAGE_STANDARD = gnu11;
				GCC_DYNAMIC_NO_PIC = NO;
				GCC_NO_COMMON_BLOCKS = YES;
				GCC_OPTIMIZATION_LEVEL = 0;
				GCC_PREPROCESSOR_DEFINITIONS = (
					"DEBUG=1",
					"$(inherited)",
				);
				GCC_WARN_64_TO_32_BIT_CONVERSION = YES;
				GCC_WARN_ABOUT_RETURN_TYPE = YES_ERROR;
				GCC_WARN_UNDECLARED_SELECTOR = YES;
				GCC_WARN_UNINITIALIZED_AUTOS = YES_AGGRESSIVE;
				GCC_WARN_UNUSED_FUNCTION = YES;
				GCC_WARN_UNUSED_VARIABLE = YES;
				IPHONEOS_DEPLOYMENT_TARGET = 13.1;
				MTL_ENABLE_DEBUG_INFO = INCLUDE_SOURCE;
				MTL_FAST_MATH = YES;
				ONLY_ACTIVE_ARCH = YES;
				SDKROOT = iphoneos;
				SWIFT_ACTIVE_COMPILATION_CONDITIONS = DEBUG;
				SWIFT_OPTIMIZATION_LEVEL = "-Onone";
			};
			name = Debug;
		};
		833CC38823660A2300A6AB34 /* Release */ = {
			isa = XCBuildConfiguration;
			buildSettings = {
				ALWAYS_SEARCH_USER_PATHS = NO;
				CLANG_ANALYZER_NONNULL = YES;
				CLANG_ANALYZER_NUMBER_OBJECT_CONVERSION = YES_AGGRESSIVE;
				CLANG_CXX_LANGUAGE_STANDARD = "gnu++14";
				CLANG_CXX_LIBRARY = "libc++";
				CLANG_ENABLE_MODULES = YES;
				CLANG_ENABLE_OBJC_ARC = YES;
				CLANG_ENABLE_OBJC_WEAK = YES;
				CLANG_WARN_BLOCK_CAPTURE_AUTORELEASING = YES;
				CLANG_WARN_BOOL_CONVERSION = YES;
				CLANG_WARN_COMMA = YES;
				CLANG_WARN_CONSTANT_CONVERSION = YES;
				CLANG_WARN_DEPRECATED_OBJC_IMPLEMENTATIONS = YES;
				CLANG_WARN_DIRECT_OBJC_ISA_USAGE = YES_ERROR;
				CLANG_WARN_DOCUMENTATION_COMMENTS = YES;
				CLANG_WARN_EMPTY_BODY = YES;
				CLANG_WARN_ENUM_CONVERSION = YES;
				CLANG_WARN_INFINITE_RECURSION = YES;
				CLANG_WARN_INT_CONVERSION = YES;
				CLANG_WARN_NON_LITERAL_NULL_CONVERSION = YES;
				CLANG_WARN_OBJC_IMPLICIT_RETAIN_SELF = YES;
				CLANG_WARN_OBJC_LITERAL_CONVERSION = YES;
				CLANG_WARN_OBJC_ROOT_CLASS = YES_ERROR;
				CLANG_WARN_RANGE_LOOP_ANALYSIS = YES;
				CLANG_WARN_STRICT_PROTOTYPES = YES;
				CLANG_WARN_SUSPICIOUS_MOVE = YES;
				CLANG_WARN_UNGUARDED_AVAILABILITY = YES_AGGRESSIVE;
				CLANG_WARN_UNREACHABLE_CODE = YES;
				CLANG_WARN__DUPLICATE_METHOD_MATCH = YES;
				COPY_PHASE_STRIP = NO;
				DEBUG_INFORMATION_FORMAT = "dwarf-with-dsym";
				ENABLE_NS_ASSERTIONS = NO;
				ENABLE_STRICT_OBJC_MSGSEND = YES;
				GCC_C_LANGUAGE_STANDARD = gnu11;
				GCC_NO_COMMON_BLOCKS = YES;
				GCC_WARN_64_TO_32_BIT_CONVERSION = YES;
				GCC_WARN_ABOUT_RETURN_TYPE = YES_ERROR;
				GCC_WARN_UNDECLARED_SELECTOR = YES;
				GCC_WARN_UNINITIALIZED_AUTOS = YES_AGGRESSIVE;
				GCC_WARN_UNUSED_FUNCTION = YES;
				GCC_WARN_UNUSED_VARIABLE = YES;
				IPHONEOS_DEPLOYMENT_TARGET = 13.1;
				MTL_ENABLE_DEBUG_INFO = NO;
				MTL_FAST_MATH = YES;
				SDKROOT = iphoneos;
				SWIFT_COMPILATION_MODE = wholemodule;
				SWIFT_OPTIMIZATION_LEVEL = "-O";
				VALIDATE_PRODUCT = YES;
			};
			name = Release;
		};
		833CC38A23660A2300A6AB34 /* Debug */ = {
			isa = XCBuildConfiguration;
			baseConfigurationReference = A7C41EEBAC2B29428064879B /* Pods-PerceptronV2.debug.xcconfig */;
			buildSettings = {
				ASSETCATALOG_COMPILER_APPICON_NAME = AppIcon;
				CODE_SIGN_STYLE = Automatic;
				DEVELOPMENT_TEAM = K4UL6WL48A;
				INFOPLIST_FILE = PerceptronV2/Info.plist;
				LD_RUNPATH_SEARCH_PATHS = (
					"$(inherited)",
					"@executable_path/Frameworks",
				);
				PRODUCT_BUNDLE_IDENTIFIER = pl.imarin.PerceptronV2;
				PRODUCT_NAME = "$(TARGET_NAME)";
				SWIFT_VERSION = 5.0;
				TARGETED_DEVICE_FAMILY = "1,2";
			};
			name = Debug;
		};
		833CC38B23660A2300A6AB34 /* Release */ = {
			isa = XCBuildConfiguration;
			baseConfigurationReference = 3263BCE80F2ACD9EEC2261E0 /* Pods-PerceptronV2.release.xcconfig */;
			buildSettings = {
				ASSETCATALOG_COMPILER_APPICON_NAME = AppIcon;
				CODE_SIGN_STYLE = Automatic;
				DEVELOPMENT_TEAM = K4UL6WL48A;
				INFOPLIST_FILE = PerceptronV2/Info.plist;
				LD_RUNPATH_SEARCH_PATHS = (
					"$(inherited)",
					"@executable_path/Frameworks",
				);
				PRODUCT_BUNDLE_IDENTIFIER = pl.imarin.PerceptronV2;
				PRODUCT_NAME = "$(TARGET_NAME)";
				SWIFT_VERSION = 5.0;
				TARGETED_DEVICE_FAMILY = "1,2";
			};
			name = Release;
		};
/* End XCBuildConfiguration section */

/* Begin XCConfigurationList section */
		833CC37023660A2100A6AB34 /* Build configuration list for PBXProject "PerceptronV2" */ = {
			isa = XCConfigurationList;
			buildConfigurations = (
				833CC38723660A2300A6AB34 /* Debug */,
				833CC38823660A2300A6AB34 /* Release */,
			);
			defaultConfigurationIsVisible = 0;
			defaultConfigurationName = Release;
		};
		833CC38923660A2300A6AB34 /* Build configuration list for PBXNativeTarget "PerceptronV2" */ = {
			isa = XCConfigurationList;
			buildConfigurations = (
				833CC38A23660A2300A6AB34 /* Debug */,
				833CC38B23660A2300A6AB34 /* Release */,
			);
			defaultConfigurationIsVisible = 0;
			defaultConfigurationName = Release;
		};
/* End XCConfigurationList section */
	};
	rootObject = 833CC36D23660A2100A6AB34 /* Project object */;
}
